lockfileVersion: '9.0'

settings:
  autoInstallPeers: true
  excludeLinksFromLockfile: false

importers:

  .:
    dependencies:
      nan:
        specifier: ^2.25.0
        version: 2.25.0
    devDependencies:
      tree-sitter-cli:
        specifier: ^0.26.5
        version: 0.26.5

packages:

  nan@2.25.0:
    resolution: {integrity: sha512-0M90Ag7Xn5KMLLZ7zliPWP3rT90P6PN+IzVFS0VqmnPktBk3700xUVv8Ikm9EUaUE5SDWdp/BIxdENzVznpm1g==}

  tree-sitter-cli@0.26.5:
    resolution: {integrity: sha512-joGY67M2XUVM+ZEs7vTYmSbiDgxtwbuMf1OdKk8q1Dd6wTlbhgtU/mr3j0krBgQs2Zwom6N7vxZaqoM85b79Mw==}
    engines: {node: '>=12.0.0'}
    hasBin: true

snapshots:

  nan@2.25.0: {}

  tree-sitter-cli@0.26.5: {}
